
Microsoft Visual Studio Solution File, Format Version 12.00
# Visual Studio Version 16
VisualStudioVersion = 16.0.29728.190
MinimumVisualStudioVersion = 10.0.40219.1
Project("{FAE04EC0-301F-11D3-BF4B-00C04F79EFBC}") = "XamarinFormsCourse.Android", "XamarinFormsCourse\XamarinFormsCourse.Android\XamarinFormsCourse.Android.csproj", "{4DA8ED75-6987-4B3C-BBE9-17D9F7F05D86}"
EndProject
Project("{FAE04EC0-301F-11D3-BF4B-00C04F79EFBC}") = "XamarinFormsCourse.iOS", "XamarinFormsCourse\XamarinFormsCourse.iOS\XamarinFormsCourse.iOS.csproj", "{9F5FF60E-AB0D-4EE6-964B-040F6A988004}"
EndProject
Project("{FAE04EC0-301F-11D3-BF4B-00C04F79EFBC}") = "XamarinFormsCourse", "XamarinFormsCourse\XamarinFormsCourse\XamarinFormsCourse.csproj", "{EB240EFB-B428-4523-A488-EBEA2782B9AE}"
EndProject
Global
	GlobalSection(SolutionConfigurationPlatforms) = preSolution
		Debug|Any CPU = Debug|Any CPU
		Debug|iPhone = Debug|iPhone
		Debug|iPhoneSimulator = Debug|iPhoneSimulator
		Release|Any CPU = Release|Any CPU
		Release|iPhone = Release|iPhone
		Release|iPhoneSimulator = Release|iPhoneSimulator
	EndGlobalSection
	GlobalSection(ProjectConfigurationPlatforms) = postSolution
		{4DA8ED75-6987-4B3C-BBE9-17D9F7F05D86}.Debug|Any CPU.ActiveCfg = Debug|Any CPU
		{4DA8ED75-6987-4B3C-BBE9-17D9F7F05D86}.Debug|Any CPU.Build.0 = Debug|Any CPU
		{4DA8ED75-6987-4B3C-BBE9-17D9F7F05D86}.Debug|Any CPU.Deploy.0 = Debug|Any CPU
		{4DA8ED75-6987-4B3C-BBE9-17D9F7F05D86}.Debug|iPhone.ActiveCfg = Debug|Any CPU
		{4DA8ED75-6987-4B3C-BBE9-17D9F7F05D86}.Debug|iPhone.Build.0 = Debug|Any CPU
		{4DA8ED75-6987-4B3C-BBE9-17D9F7F05D86}.Debug|iPhone.Deploy.0 = Debug|Any CPU
		{4DA8ED75-6987-4B3C-BBE9-17D9F7F05D86}.Debug|iPhoneSimulator.ActiveCfg = Debug|Any CPU
		{4DA8ED75-6987-4B3C-BBE9-17D9F7F05D86}.Debug|iPhoneSimulator.Build.0 = Debug|Any CPU
		{4DA8ED75-6987-4B3C-BBE9-17D9F7F05D86}.Debug|iPhoneSimulator.Deploy.0 = Debug|Any CPU
		{4DA8ED75-6987-4B3C-BBE9-17D9F7F05D86}.Release|Any CPU.ActiveCfg = Release|Any CPU
		{4DA8ED75-6987-4B3C-BBE9-17D9F7F05D86}.Release|Any CPU.Build.0 = Release|Any CPU
		{4DA8ED75-6987-4B3C-BBE9-17D9F7F05D86}.Release|Any CPU.Deploy.0 = Release|Any CPU
		{4DA8ED75-6987-4B3C-BBE9-17D9F7F05D86}.Release|iPhone.ActiveCfg = Release|Any CPU
		{4DA8ED75-6987-4B3C-BBE9-17D9F7F05D86}.Release|iPhone.Build.0 = Release|Any CPU
		{4DA8ED75-6987-4B3C-BBE9-17D9F7F05D86}.Release|iPhone.Deploy.0 = Release|Any CPU
		{4DA8ED75-6987-4B3C-BBE9-17D9F7F05D86}.Release|iPhoneSimulator.ActiveCfg = Release|Any CPU
		{4DA8ED75-6987-4B3C-BBE9-17D9F7F05D86}.Release|iPhoneSimulator.Build.0 = Release|Any CPU
		{4DA8ED75-6987-4B3C-BBE9-17D9F7F05D86}.Release|iPhoneSimulator.Deploy.0 = Release|Any CPU
		{9F5FF60E-AB0D-4EE6-964B-040F6A988004}.Debug|Any CPU.ActiveCfg = Debug|iPhoneSimulator
		{9F5FF60E-AB0D-4EE6-964B-040F6A988004}.Debug|Any CPU.Build.0 = Debug|iPhoneSimulator
		{9F5FF60E-AB0D-4EE6-964B-040F6A988004}.Debug|Any CPU.Deploy.0 = Debug|iPhoneSimulator
		{9F5FF60E-AB0D-4EE6-964B-040F6A988004}.Debug|iPhone.ActiveCfg = Debug|iPhone
		{9F5FF60E-AB0D-4EE6-964B-040F6A988004}.Debug|iPhone.Build.0 = Debug|iPhone
		{9F5FF60E-AB0D-4EE6-964B-040F6A988004}.Debug|iPhone.Deploy.0 = Debug|iPhone
		{9F5FF60E-AB0D-4EE6-964B-040F6A988004}.Debug|iPhoneSimulator.ActiveCfg = Debug|iPhoneSimulator
		{9F5FF60E-AB0D-4EE6-964B-040F6A988004}.Debug|iPhoneSimulator.Build.0 = Debug|iPhoneSimulator
		{9F5FF60E-AB0D-4EE6-964B-040F6A988004}.Debug|iPhoneSimulator.Deploy.0 = Debug|iPhoneSimulator
		{9F5FF60E-AB0D-4EE6-964B-040F6A988004}.Release|Any CPU.ActiveCfg = Release|iPhone
		{9F5FF60E-AB0D-4EE6-964B-040F6A988004}.Release|Any CPU.Build.0 = Release|iPhone
		{9F5FF60E-AB0D-4EE6-964B-040F6A988004}.Release|Any CPU.Deploy.0 = Release|iPhone
		{9F5FF60E-AB0D-4EE6-964B-040F6A988004}.Release|iPhone.ActiveCfg = Release|iPhone
		{9F5FF60E-AB0D-4EE6-964B-040F6A988004}.Release|iPhone.Build.0 = Release|iPhone
		{9F5FF60E-AB0D-4EE6-964B-040F6A988004}.Release|iPhone.Deploy.0 = Release|iPhone
		{9F5FF60E-AB0D-4EE6-964B-040F6A988004}.Release|iPhoneSimulator.ActiveCfg = Release|iPhoneSimulator
		{9F5FF60E-AB0D-4EE6-964B-040F6A988004}.Release|iPhoneSimulator.Build.0 = Release|iPhoneSimulator
		{9F5FF60E-AB0D-4EE6-964B-040F6A988004}.Release|iPhoneSimulator.Deploy.0 = Release|iPhoneSimulator
		{EB240EFB-B428-4523-A488-EBEA2782B9AE}.Debug|Any CPU.ActiveCfg = Debug|Any CPU
		{EB240EFB-B428-4523-A488-EBEA2782B9AE}.Debug|Any CPU.Build.0 = Debug|Any CPU
		{EB240EFB-B428-4523-A488-EBEA2782B9AE}.Debug|Any CPU.Deploy.0 = Debug|Any CPU
		{EB240EFB-B428-4523-A488-EBEA2782B9AE}.Debug|iPhone.ActiveCfg = Debug|Any CPU
		{EB240EFB-B428-4523-A488-EBEA2782B9AE}.Debug|iPhone.Build.0 = Debug|Any CPU
		{EB240EFB-B428-4523-A488-EBEA2782B9AE}.Debug|iPhone.Deploy.0 = Debug|Any CPU
		{EB240EFB-B428-4523-A488-EBEA2782B9AE}.Debug|iPhoneSimulator.ActiveCfg = Debug|Any CPU
		{EB240EFB-B428-4523-A488-EBEA2782B9AE}.Debug|iPhoneSimulator.Build.0 = Debug|Any CPU
		{EB240EFB-B428-4523-A488-EBEA2782B9AE}.Debug|iPhoneSimulator.Deploy.0 = Debug|Any CPU
		{EB240EFB-B428-4523-A488-EBEA2782B9AE}.Release|Any CPU.ActiveCfg = Release|Any CPU
		{EB240EFB-B428-4523-A488-EBEA2782B9AE}.Release|Any CPU.Build.0 = Release|Any CPU
		{EB240EFB-B428-4523-A488-EBEA2782B9AE}.Release|Any CPU.Deploy.0 = Release|Any CPU
		{EB240EFB-B428-4523-A488-EBEA2782B9AE}.Release|iPhone.ActiveCfg = Release|Any CPU
		{EB240EFB-B428-4523-A488-EBEA2782B9AE}.Release|iPhone.Build.0 = Release|Any CPU
		{EB240EFB-B428-4523-A488-EBEA2782B9AE}.Release|iPhone.Deploy.0 = Release|Any CPU
		{EB240EFB-B428-4523-A488-EBEA2782B9AE}.Release|iPhoneSimulator.ActiveCfg = Release|Any CPU
		{EB240EFB-B428-4523-A488-EBEA2782B9AE}.Release|iPhoneSimulator.Build.0 = Release|Any CPU
		{EB240EFB-B428-4523-A488-EBEA2782B9AE}.Release|iPhoneSimulator.Deploy.0 = Release|Any CPU
	EndGlobalSection
	GlobalSection(SolutionProperties) = preSolution
		HideSolutionNode = FALSE
	EndGlobalSection
	GlobalSection(ExtensibilityGlobals) = postSolution
		SolutionGuid = {DE595353-A93B-4832-8FD6-453732B71C2D}
	EndGlobalSection
EndGlobal
